{
  "pins" : [
    {
      "identity" : "antlr4",
      "kind" : "remoteSourceControl",
      "location" : "https://github.com/antlr/antlr4",
      "state" : {
        "revision" : "cc82115a4e7f53d71d9d905caa2c2dfa4da58899",
        "version" : "4.13.2"
      }
    },
    {
      "identity" : "dynamic",
      "kind" : "remoteSourceControl",
      "location" : "https://github.com/mhdhejazi/Dynamic",
      "state" : {
        "branch" : "master",
        "revision" : "772883073d044bc754d401cabb6574624eb3778f"
      }
    },
    {
      "identity" : "semaphore",
      "kind" : "remoteSourceControl",
      "location" : "https://github.com/groue/Semaphore",
      "state" : {
        "revision" : "f1c4a0acabeb591068dea6cffdd39660b86dec28",
        "version" : "0.0.8"
      }
    },
    {
      "identity" : "sentry-cocoa",
      "kind" : "remoteSourceControl",
      "location" : "https://github.com/getsentry/sentry-cocoa",
      "state" : {
        "revision" : "56bfb7e723c76614be4c0861ee820ccbaed14c6d",
        "version" : "8.41.0"
      }
    },
    {
      "identity" : "swift-algorithms",
      "kind" : "remoteSourceControl",
      "location" : "https://github.com/apple/swift-algorithms",
      "state" : {
        "revision" : "f6919dfc309e7f1b56224378b11e28bab5bccc42",
        "version" : "1.2.0"
      }
    },
    {
      "identity" : "swift-argument-parser",
      "kind" : "remoteSourceControl",
      "location" : "https://github.com/apple/swift-argument-parser",
      "state" : {
        "revision" : "41982a3656a71c768319979febd796c6fd111d5c",
        "version" : "1.5.0"
      }
    },
    {
      "identity" : "swift-atomics",
      "kind" : "remoteSourceControl",
      "location" : "https://github.com/apple/swift-atomics.git",
      "state" : {
        "revision" : "cd142fd2f64be2100422d658e7411e39489da985",
        "version" : "1.2.0"
      }
    },
    {
      "identity" : "swift-numerics",
      "kind" : "remoteSourceControl",
      "location" : "https://github.com/apple/swift-numerics.git",
      "state" : {
        "revision" : "0a5bc04095a675662cf24757cc0640aa2204253b",
        "version" : "1.0.2"
      }
    },
    {
      "identity" : "swift-sysctl",
      "kind" : "remoteSourceControl",
      "location" : "https://github.com/sersoft-gmbh/swift-sysctl.git",
      "state" : {
        "revision" : "71fd64ee84819bb19fbecfb36d5a4503726b6fb7",
        "version" : "1.6.0"
      }
    },
    {
      "identity" : "swift-xattr",
      "kind" : "remoteSourceControl",
      "location" : "https://github.com/jozefizso/swift-xattr",
      "state" : {
        "revision" : "1cd1e6bc9aecdcce31c66e2d2d5561ecd7ead83a",
        "version" : "3.0.1"
      }
    },
    {
      "identity" : "swiftdate",
      "kind" : "remoteSourceControl",
      "location" : "https://github.com/malcommac/SwiftDate",
      "state" : {
        "revision" : "5d943224c3bb173e6ecf27295611615eba90c80e",
        "version" : "7.0.0"
      }
    },
    {
      "identity" : "swiftformat",
      "kind" : "remoteSourceControl",
      "location" : "https://github.com/nicklockwood/SwiftFormat",
      "state" : {
        "revision" : "2d5a2b6bde636c1feae2c852ab9a50f221e98c66",
        "version" : "0.55.3"
      }
    },
    {
      "identity" : "swiftradix",
      "kind" : "remoteSourceControl",
      "location" : "https://github.com/orchetect/SwiftRadix",
      "state" : {
        "revision" : "20cefdba8304e0ccf2effc9965cdfa48b09ef9b4",
        "version" : "1.3.2"
      }
    },
    {
      "identity" : "texttable",
      "kind" : "remoteSourceControl",
      "location" : "https://github.com/cfilipov/TextTable",
      "state" : {
        "branch" : "master",
        "revision" : "e03289289155b4e7aa565e32862f9cb42140596a"
      }
    }
  ],
  "version" : 2
}
